
Microsoft Visual Studio Solution File, Format Version 12.00
# Visual Studio Version 17
VisualStudioVersion = 17.10.34928.147
MinimumVisualStudioVersion = 10.0.40219.1
Project("{FAE04EC0-301F-11D3-BF4B-00C04F79EFBC}") = "TaskManagerAPI", "TaskManagerAPI\TaskManagerAPI.csproj", "{CC161FB7-2204-48B0-A8AC-5AA91B472EDA}"
EndProject
Global
	GlobalSection(SolutionConfigurationPlatforms) = preSolution
		Debug|Any CPU = Debug|Any CPU
		Release|Any CPU = Release|Any CPU
	EndGlobalSection
	GlobalSection(ProjectConfigurationPlatforms) = postSolution
		{CC161FB7-2204-48B0-A8AC-5AA91B472EDA}.Debug|Any CPU.ActiveCfg = Debug|Any CPU
		{CC161FB7-2204-48B0-A8AC-5AA91B472EDA}.Debug|Any CPU.Build.0 = Debug|Any CPU
		{CC161FB7-2204-48B0-A8AC-5AA91B472EDA}.Release|Any CPU.ActiveCfg = Release|Any CPU
		{CC161FB7-2204-48B0-A8AC-5AA91B472EDA}.Release|Any CPU.Build.0 = Release|Any CPU
	EndGlobalSection
	GlobalSection(SolutionProperties) = preSolution
		HideSolutionNode = FALSE
	EndGlobalSection
	GlobalSection(ExtensibilityGlobals) = postSolution
		SolutionGuid = {C0BC2E99-16C3-40A7-8C0D-C76D8329C556}
	EndGlobalSection
EndGlobal
